
Microsoft Visual Studio Solution File, Format Version 12.00
Project("{FAE04EC0-301F-11D3-BF4B-00C04F79EFBC}") = "Cwiczenie2", "Cwiczenie2.csproj", "{F3E84D93-47BA-4099-B7FA-031B9DD23231}"
EndProject
Global
	GlobalSection(SolutionConfigurationPlatforms) = preSolution
		Debug|Any CPU = Debug|Any CPU
		Release|Any CPU = Release|Any CPU
	EndGlobalSection
	GlobalSection(ProjectConfigurationPlatforms) = postSolution
		{F3E84D93-47BA-4099-B7FA-031B9DD23231}.Debug|Any CPU.ActiveCfg = Debug|Any CPU
		{F3E84D93-47BA-4099-B7FA-031B9DD23231}.Debug|Any CPU.Build.0 = Debug|Any CPU
		{F3E84D93-47BA-4099-B7FA-031B9DD23231}.Release|Any CPU.ActiveCfg = Release|Any CPU
		{F3E84D93-47BA-4099-B7FA-031B9DD23231}.Release|Any CPU.Build.0 = Release|Any CPU
	EndGlobalSection
EndGlobal
